
Microsoft Visual Studio Solution File, Format Version 12.00
# Visual Studio 14
VisualStudioVersion = 14.0.25420.1
MinimumVisualStudioVersion = 10.0.40219.1
Project("{8BB2217D-0F2D-49D1-97BC-3654ED321F3B}") = "CocktailBar.Server.API", "CocktailBar.Server.API\CocktailBar.Server.API.xproj", "{BFBF8E26-68E9-4CF7-8CEE-20DE2603A2BF}"
EndProject
Project("{8BB2217D-0F2D-49D1-97BC-3654ED321F3B}") = "CocktailBar.Server.Models", "CocktailBar.Server.Models\CocktailBar.Server.Models.xproj", "{7EEDE131-CDA0-4547-9F87-1B74DB10F039}"
EndProject
Project("{8BB2217D-0F2D-49D1-97BC-3654ED321F3B}") = "CocktailBar.Server.DataLayer", "CocktailBar.Server.DataLayer\CocktailBar.Server.DataLayer.xproj", "{1F5700C5-A98B-4B60-8BD6-5A4C901FB1FF}"
EndProject
Project("{2150E333-8FDC-42A3-9474-1A3956D46DE8}") = "src", "src", "{769AF497-E4AC-422A-812E-843A425AE938}"
EndProject
Project("{2150E333-8FDC-42A3-9474-1A3956D46DE8}") = "test", "test", "{03A190E6-3590-44B5-8046-7DAA0C6BB543}"
EndProject
Project("{8BB2217D-0F2D-49D1-97BC-3654ED321F3B}") = "CocktailBar.Server.API.Tests", "CocktailBar.Server.API.Tests\CocktailBar.Server.API.Tests.xproj", "{72A3D906-9BF6-4516-B3CC-F544DD73BEB8}"
EndProject
Project("{8BB2217D-0F2D-49D1-97BC-3654ED321F3B}") = "CocktailBar.Server.DataLayer.Interfaces", "CocktailBar.Server.DataLayer.Interfaces\CocktailBar.Server.DataLayer.Interfaces.xproj", "{A78293B0-C8E0-480C-9959-86D73137746F}"
EndProject
Global
	GlobalSection(SolutionConfigurationPlatforms) = preSolution
		Debug|Any CPU = Debug|Any CPU
		Release|Any CPU = Release|Any CPU
	EndGlobalSection
	GlobalSection(ProjectConfigurationPlatforms) = postSolution
		{BFBF8E26-68E9-4CF7-8CEE-20DE2603A2BF}.Debug|Any CPU.ActiveCfg = Debug|Any CPU
		{BFBF8E26-68E9-4CF7-8CEE-20DE2603A2BF}.Debug|Any CPU.Build.0 = Debug|Any CPU
		{BFBF8E26-68E9-4CF7-8CEE-20DE2603A2BF}.Release|Any CPU.ActiveCfg = Release|Any CPU
		{BFBF8E26-68E9-4CF7-8CEE-20DE2603A2BF}.Release|Any CPU.Build.0 = Release|Any CPU
		{7EEDE131-CDA0-4547-9F87-1B74DB10F039}.Debug|Any CPU.ActiveCfg = Debug|Any CPU
		{7EEDE131-CDA0-4547-9F87-1B74DB10F039}.Debug|Any CPU.Build.0 = Debug|Any CPU
		{7EEDE131-CDA0-4547-9F87-1B74DB10F039}.Release|Any CPU.ActiveCfg = Release|Any CPU
		{7EEDE131-CDA0-4547-9F87-1B74DB10F039}.Release|Any CPU.Build.0 = Release|Any CPU
		{1F5700C5-A98B-4B60-8BD6-5A4C901FB1FF}.Debug|Any CPU.ActiveCfg = Debug|Any CPU
		{1F5700C5-A98B-4B60-8BD6-5A4C901FB1FF}.Debug|Any CPU.Build.0 = Debug|Any CPU
		{1F5700C5-A98B-4B60-8BD6-5A4C901FB1FF}.Release|Any CPU.ActiveCfg = Release|Any CPU
		{1F5700C5-A98B-4B60-8BD6-5A4C901FB1FF}.Release|Any CPU.Build.0 = Release|Any CPU
		{72A3D906-9BF6-4516-B3CC-F544DD73BEB8}.Debug|Any CPU.ActiveCfg = Debug|Any CPU
		{72A3D906-9BF6-4516-B3CC-F544DD73BEB8}.Debug|Any CPU.Build.0 = Debug|Any CPU
		{72A3D906-9BF6-4516-B3CC-F544DD73BEB8}.Release|Any CPU.ActiveCfg = Release|Any CPU
		{72A3D906-9BF6-4516-B3CC-F544DD73BEB8}.Release|Any CPU.Build.0 = Release|Any CPU
		{A78293B0-C8E0-480C-9959-86D73137746F}.Debug|Any CPU.ActiveCfg = Debug|Any CPU
		{A78293B0-C8E0-480C-9959-86D73137746F}.Debug|Any CPU.Build.0 = Debug|Any CPU
		{A78293B0-C8E0-480C-9959-86D73137746F}.Release|Any CPU.ActiveCfg = Release|Any CPU
		{A78293B0-C8E0-480C-9959-86D73137746F}.Release|Any CPU.Build.0 = Release|Any CPU
	EndGlobalSection
	GlobalSection(SolutionProperties) = preSolution
		HideSolutionNode = FALSE
	EndGlobalSection
	GlobalSection(NestedProjects) = preSolution
		{BFBF8E26-68E9-4CF7-8CEE-20DE2603A2BF} = {769AF497-E4AC-422A-812E-843A425AE938}
		{7EEDE131-CDA0-4547-9F87-1B74DB10F039} = {769AF497-E4AC-422A-812E-843A425AE938}
		{1F5700C5-A98B-4B60-8BD6-5A4C901FB1FF} = {769AF497-E4AC-422A-812E-843A425AE938}
		{72A3D906-9BF6-4516-B3CC-F544DD73BEB8} = {03A190E6-3590-44B5-8046-7DAA0C6BB543}
		{A78293B0-C8E0-480C-9959-86D73137746F} = {769AF497-E4AC-422A-812E-843A425AE938}
	EndGlobalSection
EndGlobal
